
Microsoft Visual Studio Solution File, Format Version 12.00
# Visual Studio Version 16
VisualStudioVersion = 16.0.30413.136
MinimumVisualStudioVersion = 10.0.40219.1
Project("{FAE04EC0-301F-11D3-BF4B-00C04F79EFBC}") = "XamarinPong", "XamarinPong.csproj", "{1BC82FA3-D266-437C-969C-8D40FE4BDF6B}"
EndProject
Global
	GlobalSection(SolutionConfigurationPlatforms) = preSolution
		Debug|Any CPU = Debug|Any CPU
		Release|Any CPU = Release|Any CPU
	EndGlobalSection
	GlobalSection(ProjectConfigurationPlatforms) = postSolution
		{1BC82FA3-D266-437C-969C-8D40FE4BDF6B}.Debug|Any CPU.ActiveCfg = Debug|Any CPU
		{1BC82FA3-D266-437C-969C-8D40FE4BDF6B}.Debug|Any CPU.Build.0 = Debug|Any CPU
		{1BC82FA3-D266-437C-969C-8D40FE4BDF6B}.Debug|Any CPU.Deploy.0 = Debug|Any CPU
		{1BC82FA3-D266-437C-969C-8D40FE4BDF6B}.Release|Any CPU.ActiveCfg = Release|Any CPU
		{1BC82FA3-D266-437C-969C-8D40FE4BDF6B}.Release|Any CPU.Build.0 = Release|Any CPU
		{1BC82FA3-D266-437C-969C-8D40FE4BDF6B}.Release|Any CPU.Deploy.0 = Release|Any CPU
	EndGlobalSection
	GlobalSection(SolutionProperties) = preSolution
		HideSolutionNode = FALSE
	EndGlobalSection
	GlobalSection(ExtensibilityGlobals) = postSolution
		SolutionGuid = {B86AE3A2-1F08-4AD2-BC97-00AB5A5C36F1}
	EndGlobalSection
EndGlobal
